// !$*UTF8*$!
{
	archiveVersion = 1;
	classes = {
	};
	objectVersion = 51;
	objects = {

/* Begin PBXBuildFile section */
		659592D0272FCDD000591C84 /* AppDelegate.swift in Sources */ = {isa = PBXBuildFile; fileRef = 659592CF272FCDD000591C84 /* AppDelegate.swift */; };
		659592D2272FCDD000591C84 /* SceneDelegate.swift in Sources */ = {isa = PBXBuildFile; fileRef = 659592D1272FCDD000591C84 /* SceneDelegate.swift */; };
		659592D4272FCDD000591C84 /* ViewController.swift in Sources */ = {isa = PBXBuildFile; fileRef = 659592D3272FCDD000591C84 /* ViewController.swift */; };
		659592D7272FCDD000591C84 /* Main.storyboard in Resources */ = {isa = PBXBuildFile; fileRef = 659592D5272FCDD000591C84 /* Main.storyboard */; };
		659592D9272FCDD200591C84 /* Assets.xcassets in Resources */ = {isa = PBXBuildFile; fileRef = 659592D8272FCDD200591C84 /* Assets.xcassets */; };
		659592DC272FCDD200591C84 /* LaunchScreen.storyboard in Resources */ = {isa = PBXBuildFile; fileRef = 659592DA272FCDD200591C84 /* LaunchScreen.storyboard */; };
		659592E42730128800591C84 /* ChildrenTableViewCell.swift in Sources */ = {isa = PBXBuildFile; fileRef = 659592E32730128800591C84 /* ChildrenTableViewCell.swift */; };
		659592E6273022D400591C84 /* Model.swift in Sources */ = {isa = PBXBuildFile; fileRef = 659592E5273022D400591C84 /* Model.swift */; };
		EBCD20A3813AE31330D24655 /* Pods_AlefTest.framework in Frameworks */ = {isa = PBXBuildFile; fileRef = 7324D9763C0B9CF370B6BDA7 /* Pods_AlefTest.framework */; };
/* End PBXBuildFile section */

/* Begin PBXFileReference section */
		659592CC272FCDD000591C84 /* AlefTest.app */ = {isa = PBXFileReference; explicitFileType = wrapper.application; includeInIndex = 0; path = AlefTest.app; sourceTree = BUILT_PRODUCTS_DIR; };
		659592CF272FCDD000591C84 /* AppDelegate.swift */ = {isa = PBXFileReference; lastKnownFileType = sourcecode.swift; path = AppDelegate.swift; sourceTree = "<group>"; };
		659592D1272FCDD000591C84 /* SceneDelegate.swift */ = {isa = PBXFileReference; lastKnownFileType = sourcecode.swift; path = SceneDelegate.swift; sourceTree = "<group>"; };
		659592D3272FCDD000591C84 /* ViewController.swift */ = {isa = PBXFileReference; lastKnownFileType = sourcecode.swift; path = ViewController.swift; sourceTree = "<group>"; };
		659592D6272FCDD000591C84 /* Base */ = {isa = PBXFileReference; lastKnownFileType = file.storyboard; name = Base; path = Base.lproj/Main.storyboard; sourceTree = "<group>"; };
		659592D8272FCDD200591C84 /* Assets.xcassets */ = {isa = PBXFileReference; lastKnownFileType = folder.assetcatalog; path = Assets.xcassets; sourceTree = "<group>"; };
		659592DB272FCDD200591C84 /* Base */ = {isa = PBXFileReference; lastKnownFileType = file.storyboard; name = Base; path = Base.lproj/LaunchScreen.storyboard; sourceTree = "<group>"; };
		659592DD272FCDD200591C84 /* Info.plist */ = {isa = PBXFileReference; lastKnownFileType = text.plist.xml; path = Info.plist; sourceTree = "<group>"; };
		659592E32730128800591C84 /* ChildrenTableViewCell.swift */ = {isa = PBXFileReference; lastKnownFileType = sourcecode.swift; path = ChildrenTableViewCell.swift; sourceTree = "<group>"; };
		659592E5273022D400591C84 /* Model.swift */ = {isa = PBXFileReference; lastKnownFileType = sourcecode.swift; path = Model.swift; sourceTree = "<group>"; };
		7324D9763C0B9CF370B6BDA7 /* Pods_AlefTest.framework */ = {isa = PBXFileReference; explicitFileType = wrapper.framework; includeInIndex = 0; path = Pods_AlefTest.framework; sourceTree = BUILT_PRODUCTS_DIR; };
		B3B663AE17CA6BA91C5326C9 /* Pods-AlefTest.release.xcconfig */ = {isa = PBXFileReference; includeInIndex = 1; lastKnownFileType = text.xcconfig; name = "Pods-AlefTest.release.xcconfig"; path = "Target Support Files/Pods-AlefTest/Pods-AlefTest.release.xcconfig"; sourceTree = "<group>"; };
		DC7875E78A8AB2C8FDC15936 /* Pods-AlefTest.debug.xcconfig */ = {isa = PBXFileReference; includeInIndex = 1; lastKnownFileType = text.xcconfig; name = "Pods-AlefTest.debug.xcconfig"; path = "Target Support Files/Pods-AlefTest/Pods-AlefTest.debug.xcconfig"; sourceTree = "<group>"; };
/* End PBXFileReference section */

/* Begin PBXFrameworksBuildPhase section */
		659592C9272FCDD000591C84 /* Frameworks */ = {
			isa = PBXFrameworksBuildPhase;
			buildActionMask = 2147483647;
			files = (
				EBCD20A3813AE31330D24655 /* Pods_AlefTest.framework in Frameworks */,
			);
			runOnlyForDeploymentPostprocessing = 0;
		};
/* End PBXFrameworksBuildPhase section */

/* Begin PBXGroup section */
		3F635ECD51D106F5FD039633 /* Frameworks */ = {
			isa = PBXGroup;
			children = (
				7324D9763C0B9CF370B6BDA7 /* Pods_AlefTest.framework */,
			);
			name = Frameworks;
			sourceTree = "<group>";
		};
		659592C3272FCDD000591C84 = {
			isa = PBXGroup;
			children = (
				659592CE272FCDD000591C84 /* AlefTest */,
				659592CD272FCDD000591C84 /* Products */,
				82321D224BAA39C771EBF7F6 /* Pods */,
				3F635ECD51D106F5FD039633 /* Frameworks */,
			);
			sourceTree = "<group>";
		};
		659592CD272FCDD000591C84 /* Products */ = {
			isa = PBXGroup;
			children = (
				659592CC272FCDD000591C84 /* AlefTest.app */,
			);
			name = Products;
			sourceTree = "<group>";
		};
		659592CE272FCDD000591C84 /* AlefTest */ = {
			isa = PBXGroup;
			children = (
				659592CF272FCDD000591C84 /* AppDelegate.swift */,
				659592D1272FCDD000591C84 /* SceneDelegate.swift */,
				659592D3272FCDD000591C84 /* ViewController.swift */,
				659592D5272FCDD000591C84 /* Main.storyboard */,
				659592E32730128800591C84 /* ChildrenTableViewCell.swift */,
				659592D8272FCDD200591C84 /* Assets.xcassets */,
				659592DA272FCDD200591C84 /* LaunchScreen.storyboard */,
				659592DD272FCDD200591C84 /* Info.plist */,
				659592E5273022D400591C84 /* Model.swift */,
			);
			path = AlefTest;
			sourceTree = "<group>";
		};
		82321D224BAA39C771EBF7F6 /* Pods */ = {
			isa = PBXGroup;
			children = (
				DC7875E78A8AB2C8FDC15936 /* Pods-AlefTest.debug.xcconfig */,
				B3B663AE17CA6BA91C5326C9 /* Pods-AlefTest.release.xcconfig */,
			);
			path = Pods;
			sourceTree = "<group>";
		};
/* End PBXGroup section */

/* Begin PBXNativeTarget section */
		659592CB272FCDD000591C84 /* AlefTest */ = {
			isa = PBXNativeTarget;
			buildConfigurationList = 659592E0272FCDD200591C84 /* Build configuration list for PBXNativeTarget "AlefTest" */;
			buildPhases = (
				4F74DEA70F22873F6044FA06 /* [CP] Check Pods Manifest.lock */,
				659592C8272FCDD000591C84 /* Sources */,
				659592C9272FCDD000591C84 /* Frameworks */,
				659592CA272FCDD000591C84 /* Resources */,
				E0A8A439041953244DB240F4 /* [CP] Embed Pods Frameworks */,
			);
			buildRules = (
			);
			dependencies = (
			);
			name = AlefTest;
			productName = AlefTest;
			productReference = 659592CC272FCDD000591C84 /* AlefTest.app */;
			productType = "com.apple.product-type.application";
		};
/* End PBXNativeTarget section */

/* Begin PBXProject section */
		659592C4272FCDD000591C84 /* Project object */ = {
			isa = PBXProject;
			attributes = {
				LastSwiftUpdateCheck = 1250;
				LastUpgradeCheck = 1250;
				TargetAttributes = {
					659592CB272FCDD000591C84 = {
						CreatedOnToolsVersion = 12.5.1;
					};
				};
			};
			buildConfigurationList = 659592C7272FCDD000591C84 /* Build configuration list for PBXProject "AlefTest" */;
			compatibilityVersion = "Xcode 9.3";
			developmentRegion = en;
			hasScannedForEncodings = 0;
			knownRegions = (
				en,
				Base,
			);
			mainGroup = 659592C3272FCDD000591C84;
			productRefGroup = 659592CD272FCDD000591C84 /* Products */;
			projectDirPath = "";
			projectRoot = "";
			targets = (
				659592CB272FCDD000591C84 /* AlefTest */,
			);
		};
/* End PBXProject section */

/* Begin PBXResourcesBuildPhase section */
		659592CA272FCDD000591C84 /* Resources */ = {
			isa = PBXResourcesBuildPhase;
			buildActionMask = 2147483647;
			files = (
				659592DC272FCDD200591C84 /* LaunchScreen.storyboard in Resources */,
				659592D9272FCDD200591C84 /* Assets.xcassets in Resources */,
				659592D7272FCDD000591C84 /* Main.storyboard in Resources */,
			);
			runOnlyForDeploymentPostprocessing = 0;
		};
/* End PBXResourcesBuildPhase section */

/* Begin PBXShellScriptBuildPhase section */
		4F74DEA70F22873F6044FA06 /* [CP] Check Pods Manifest.lock */ = {
			isa = PBXShellScriptBuildPhase;
			buildActionMask = 2147483647;
			files = (
			);
			inputFileListPaths = (
			);
			inputPaths = (
				"${PODS_PODFILE_DIR_PATH}/Podfile.lock",
				"${PODS_ROOT}/Manifest.lock",
			);
			name = "[CP] Check Pods Manifest.lock";
			outputFileListPaths = (
			);
			outputPaths = (
				"$(DERIVED_FILE_DIR)/Pods-AlefTest-checkManifestLockResult.txt",
			);
			runOnlyForDeploymentPostprocessing = 0;
			shellPath = /bin/sh;
			shellScript = "diff \"${PODS_PODFILE_DIR_PATH}/Podfile.lock\" \"${PODS_ROOT}/Manifest.lock\" > /dev/null\nif [ $? != 0 ] ; then\n    # print error to STDERR\n    echo \"error: The sandbox is not in sync with the Podfile.lock. Run 'pod install' or update your CocoaPods installation.\" >&2\n    exit 1\nfi\n# This output is used by Xcode 'outputs' to avoid re-running this script phase.\necho \"SUCCESS\" > \"${SCRIPT_OUTPUT_FILE_0}\"\n";
			showEnvVarsInLog = 0;
		};
		E0A8A439041953244DB240F4 /* [CP] Embed Pods Frameworks */ = {
			isa = PBXShellScriptBuildPhase;
			buildActionMask = 2147483647;
			files = (
			);
			inputFileListPaths = (
				"${PODS_ROOT}/Target Support Files/Pods-AlefTest/Pods-AlefTest-frameworks-${CONFIGURATION}-input-files.xcfilelist",
			);
			name = "[CP] Embed Pods Frameworks";
			outputFileListPaths = (
				"${PODS_ROOT}/Target Support Files/Pods-AlefTest/Pods-AlefTest-frameworks-${CONFIGURATION}-output-files.xcfilelist",
			);
			runOnlyForDeploymentPostprocessing = 0;
			shellPath = /bin/sh;
			shellScript = "\"${PODS_ROOT}/Target Support Files/Pods-AlefTest/Pods-AlefTest-frameworks.sh\"\n";
			showEnvVarsInLog = 0;
		};
/* End PBXShellScriptBuildPhase section */

/* Begin PBXSourcesBuildPhase section */
		659592C8272FCDD000591C84 /* Sources */ = {
			isa = PBXSourcesBuildPhase;
			buildActionMask = 2147483647;
			files = (
				659592E6273022D400591C84 /* Model.swift in Sources */,
				659592D4272FCDD000591C84 /* ViewController.swift in Sources */,
				659592D0272FCDD000591C84 /* AppDelegate.swift in Sources */,
				659592E42730128800591C84 /* ChildrenTableViewCell.swift in Sources */,
				659592D2272FCDD000591C84 /* SceneDelegate.swift in Sources */,
			);
			runOnlyForDeploymentPostprocessing = 0;
		};
/* End PBXSourcesBuildPhase section */

/* Begin PBXVariantGroup section */
		659592D5272FCDD000591C84 /* Main.storyboard */ = {
			isa = PBXVariantGroup;
			children = (
				659592D6272FCDD000591C84 /* Base */,
			);
			name = Main.storyboard;
			sourceTree = "<group>";
		};
		659592DA272FCDD200591C84 /* LaunchScreen.storyboard */ = {
			isa = PBXVariantGroup;
			children = (
				659592DB272FCDD200591C84 /* Base */,
			);
			name = LaunchScreen.storyboard;
			sourceTree = "<group>";
		};
/* End PBXVariantGroup section */

/* Begin XCBuildConfiguration section */
		659592DE272FCDD200591C84 /* Debug */ = {
			isa = XCBuildConfiguration;
			buildSettings = {
				ALWAYS_SEARCH_USER_PATHS = NO;
				CLANG_ANALYZER_NONNULL = YES;
				CLANG_ANALYZER_NUMBER_OBJECT_CONVERSION = YES_AGGRESSIVE;
				CLANG_CXX_LANGUAGE_STANDARD = "gnu++14";
				CLANG_CXX_LIBRARY = "libc++";
				CLANG_ENABLE_MODULES = YES;
				CLANG_ENABLE_OBJC_ARC = YES;
				CLANG_ENABLE_OBJC_WEAK = YES;
				CLANG_WARN_BLOCK_CAPTURE_AUTORELEASING = YES;
				CLANG_WARN_BOOL_CONVERSION = YES;
				CLANG_WARN_COMMA = YES;
				CLANG_WARN_CONSTANT_CONVERSION = YES;
				CLANG_WARN_DEPRECATED_OBJC_IMPLEMENTATIONS = YES;
				CLANG_WARN_DIRECT_OBJC_ISA_USAGE = YES_ERROR;
				CLANG_WARN_DOCUMENTATION_COMMENTS = YES;
				CLANG_WARN_EMPTY_BODY = YES;
				CLANG_WARN_ENUM_CONVERSION = YES;
				CLANG_WARN_INFINITE_RECURSION = YES;
				CLANG_WARN_INT_CONVERSION = YES;
				CLANG_WARN_NON_LITERAL_NULL_CONVERSION = YES;
				CLANG_WARN_OBJC_IMPLICIT_RETAIN_SELF = YES;
				CLANG_WARN_OBJC_LITERAL_CONVERSION = YES;
				CLANG_WARN_OBJC_ROOT_CLASS = YES_ERROR;
				CLANG_WARN_QUOTED_INCLUDE_IN_FRAMEWORK_HEADER = YES;
				CLANG_WARN_RANGE_LOOP_ANALYSIS = YES;
				CLANG_WARN_STRICT_PROTOTYPES = YES;
				CLANG_WARN_SUSPICIOUS_MOVE = YES;
				CLANG_WARN_UNGUARDED_AVAILABILITY = YES_AGGRESSIVE;
				CLANG_WARN_UNREACHABLE_CODE = YES;
				CLANG_WARN__DUPLICATE_METHOD_MATCH = YES;
				COPY_PHASE_STRIP = NO;
				DEBUG_INFORMATION_FORMAT = dwarf;
				ENABLE_STRICT_OBJC_MSGSEND = YES;
				ENABLE_TESTABILITY = YES;
				GCC_C_LANGUAGE_STANDARD = gnu11;
				GCC_DYNAMIC_NO_PIC = NO;
				GCC_NO_COMMON_BLOCKS = YES;
				GCC_OPTIMIZATION_LEVEL = 0;
				GCC_PREPROCESSOR_DEFINITIONS = (
					"DEBUG=1",
					"$(inherited)",
				);
				GCC_WARN_64_TO_32_BIT_CONVERSION = YES;
				GCC_WARN_ABOUT_RETURN_TYPE = YES_ERROR;
				GCC_WARN_UNDECLARED_SELECTOR = YES;
				GCC_WARN_UNINITIALIZED_AUTOS = YES_AGGRESSIVE;
				GCC_WARN_UNUSED_FUNCTION = YES;
				GCC_WARN_UNUSED_VARIABLE = YES;
				IPHONEOS_DEPLOYMENT_TARGET = 14.5;
				MTL_ENABLE_DEBUG_INFO = INCLUDE_SOURCE;
				MTL_FAST_MATH = YES;
				ONLY_ACTIVE_ARCH = YES;
				SDKROOT = iphoneos;
				SWIFT_ACTIVE_COMPILATION_CONDITIONS = DEBUG;
				SWIFT_OPTIMIZATION_LEVEL = "-Onone";
			};
			name = Debug;
		};
		659592DF272FCDD200591C84 /* Release */ = {
			isa = XCBuildConfiguration;
			buildSettings = {
				ALWAYS_SEARCH_USER_PATHS = NO;
				CLANG_ANALYZER_NONNULL = YES;
				CLANG_ANALYZER_NUMBER_OBJECT_CONVERSION = YES_AGGRESSIVE;
				CLANG_CXX_LANGUAGE_STANDARD = "gnu++14";
				CLANG_CXX_LIBRARY = "libc++";
				CLANG_ENABLE_MODULES = YES;
				CLANG_ENABLE_OBJC_ARC = YES;
				CLANG_ENABLE_OBJC_WEAK = YES;
				CLANG_WARN_BLOCK_CAPTURE_AUTORELEASING = YES;
				CLANG_WARN_BOOL_CONVERSION = YES;
				CLANG_WARN_COMMA = YES;
				CLANG_WARN_CONSTANT_CONVERSION = YES;
				CLANG_WARN_DEPRECATED_OBJC_IMPLEMENTATIONS = YES;
				CLANG_WARN_DIRECT_OBJC_ISA_USAGE = YES_ERROR;
				CLANG_WARN_DOCUMENTATION_COMMENTS = YES;
				CLANG_WARN_EMPTY_BODY = YES;
				CLANG_WARN_ENUM_CONVERSION = YES;
				CLANG_WARN_INFINITE_RECURSION = YES;
				CLANG_WARN_INT_CONVERSION = YES;
				CLANG_WARN_NON_LITERAL_NULL_CONVERSION = YES;
				CLANG_WARN_OBJC_IMPLICIT_RETAIN_SELF = YES;
				CLANG_WARN_OBJC_LITERAL_CONVERSION = YES;
				CLANG_WARN_OBJC_ROOT_CLASS = YES_ERROR;
				CLANG_WARN_QUOTED_INCLUDE_IN_FRAMEWORK_HEADER = YES;
				CLANG_WARN_RANGE_LOOP_ANALYSIS = YES;
				CLANG_WARN_STRICT_PROTOTYPES = YES;
				CLANG_WARN_SUSPICIOUS_MOVE = YES;
				CLANG_WARN_UNGUARDED_AVAILABILITY = YES_AGGRESSIVE;
				CLANG_WARN_UNREACHABLE_CODE = YES;
				CLANG_WARN__DUPLICATE_METHOD_MATCH = YES;
				COPY_PHASE_STRIP = NO;
				DEBUG_INFORMATION_FORMAT = "dwarf-with-dsym";
				ENABLE_NS_ASSERTIONS = NO;
				ENABLE_STRICT_OBJC_MSGSEND = YES;
				GCC_C_LANGUAGE_STANDARD = gnu11;
				GCC_NO_COMMON_BLOCKS = YES;
				GCC_WARN_64_TO_32_BIT_CONVERSION = YES;
				GCC_WARN_ABOUT_RETURN_TYPE = YES_ERROR;
				GCC_WARN_UNDECLARED_SELECTOR = YES;
				GCC_WARN_UNINITIALIZED_AUTOS = YES_AGGRESSIVE;
				GCC_WARN_UNUSED_FUNCTION = YES;
				GCC_WARN_UNUSED_VARIABLE = YES;
				IPHONEOS_DEPLOYMENT_TARGET = 14.5;
				MTL_ENABLE_DEBUG_INFO = NO;
				MTL_FAST_MATH = YES;
				SDKROOT = iphoneos;
				SWIFT_COMPILATION_MODE = wholemodule;
				SWIFT_OPTIMIZATION_LEVEL = "-O";
				VALIDATE_PRODUCT = YES;
			};
			name = Release;
		};
		659592E1272FCDD200591C84 /* Debug */ = {
			isa = XCBuildConfiguration;
			baseConfigurationReference = DC7875E78A8AB2C8FDC15936 /* Pods-AlefTest.debug.xcconfig */;
			buildSettings = {
				ASSETCATALOG_COMPILER_APPICON_NAME = AppIcon;
				ASSETCATALOG_COMPILER_GLOBAL_ACCENT_COLOR_NAME = AccentColor;
				CODE_SIGN_STYLE = Automatic;
				DEVELOPMENT_TEAM = 7G4QKU6FCL;
				INFOPLIST_FILE = AlefTest/Info.plist;
				LD_RUNPATH_SEARCH_PATHS = (
					"$(inherited)",
					"@executable_path/Frameworks",
				);
				PRODUCT_BUNDLE_IDENTIFIER = ru.AlefTest;
				PRODUCT_NAME = "$(TARGET_NAME)";
				SWIFT_VERSION = 5.0;
				TARGETED_DEVICE_FAMILY = "1,2";
			};
			name = Debug;
		};
		659592E2272FCDD200591C84 /* Release */ = {
			isa = XCBuildConfiguration;
			baseConfigurationReference = B3B663AE17CA6BA91C5326C9 /* Pods-AlefTest.release.xcconfig */;
			buildSettings = {
				ASSETCATALOG_COMPILER_APPICON_NAME = AppIcon;
				ASSETCATALOG_COMPILER_GLOBAL_ACCENT_COLOR_NAME = AccentColor;
				CODE_SIGN_STYLE = Automatic;
				DEVELOPMENT_TEAM = 7G4QKU6FCL;
				INFOPLIST_FILE = AlefTest/Info.plist;
				LD_RUNPATH_SEARCH_PATHS = (
					"$(inherited)",
					"@executable_path/Frameworks",
				);
				PRODUCT_BUNDLE_IDENTIFIER = ru.AlefTest;
				PRODUCT_NAME = "$(TARGET_NAME)";
				SWIFT_VERSION = 5.0;
				TARGETED_DEVICE_FAMILY = "1,2";
			};
			name = Release;
		};
/* End XCBuildConfiguration section */

/* Begin XCConfigurationList section */
		659592C7272FCDD000591C84 /* Build configuration list for PBXProject "AlefTest" */ = {
			isa = XCConfigurationList;
			buildConfigurations = (
				659592DE272FCDD200591C84 /* Debug */,
				659592DF272FCDD200591C84 /* Release */,
			);
			defaultConfigurationIsVisible = 0;
			defaultConfigurationName = Release;
		};
		659592E0272FCDD200591C84 /* Build configuration list for PBXNativeTarget "AlefTest" */ = {
			isa = XCConfigurationList;
			buildConfigurations = (
				659592E1272FCDD200591C84 /* Debug */,
				659592E2272FCDD200591C84 /* Release */,
			);
			defaultConfigurationIsVisible = 0;
			defaultConfigurationName = Release;
		};
/* End XCConfigurationList section */
	};
	rootObject = 659592C4272FCDD000591C84 /* Project object */;
}
